
Microsoft Visual Studio Solution File, Format Version 12.00
# Visual Studio Version 17
VisualStudioVersion = 17.5.33414.496
MinimumVisualStudioVersion = 10.0.40219.1
Project("{FAE04EC0-301F-11D3-BF4B-00C04F79EFBC}") = "Sparky", "Sparky\Sparky.csproj", "{88C40907-D74B-42B6-B761-DBF38D90698E}"
EndProject
Project("{FAE04EC0-301F-11D3-BF4B-00C04F79EFBC}") = "SparkyMSTest", "SparkyMSTest\SparkyMSTest.csproj", "{BA16C345-12E0-48AC-B569-B9E4378B070D}"
EndProject
Project("{2150E333-8FDC-42A3-9474-1A3956D46DE8}") = "Solution Items", "Solution Items", "{3256C970-D869-41BC-8C62-D461A4EAC98E}"
	ProjectSection(SolutionItems) = preProject
		Readme.txt = Readme.txt
	EndProjectSection
EndProject
Project("{FAE04EC0-301F-11D3-BF4B-00C04F79EFBC}") = "SparkyNUnitTest", "SparkyNUnitTest\SparkyNUnitTest.csproj", "{60877A1C-E67E-4092-A92A-05E7214AA675}"
EndProject
Global
	GlobalSection(SolutionConfigurationPlatforms) = preSolution
		Debug|Any CPU = Debug|Any CPU
		Release|Any CPU = Release|Any CPU
	EndGlobalSection
	GlobalSection(ProjectConfigurationPlatforms) = postSolution
		{88C40907-D74B-42B6-B761-DBF38D90698E}.Debug|Any CPU.ActiveCfg = Debug|Any CPU
		{88C40907-D74B-42B6-B761-DBF38D90698E}.Debug|Any CPU.Build.0 = Debug|Any CPU
		{88C40907-D74B-42B6-B761-DBF38D90698E}.Release|Any CPU.ActiveCfg = Release|Any CPU
		{88C40907-D74B-42B6-B761-DBF38D90698E}.Release|Any CPU.Build.0 = Release|Any CPU
		{BA16C345-12E0-48AC-B569-B9E4378B070D}.Debug|Any CPU.ActiveCfg = Debug|Any CPU
		{BA16C345-12E0-48AC-B569-B9E4378B070D}.Debug|Any CPU.Build.0 = Debug|Any CPU
		{BA16C345-12E0-48AC-B569-B9E4378B070D}.Release|Any CPU.ActiveCfg = Release|Any CPU
		{BA16C345-12E0-48AC-B569-B9E4378B070D}.Release|Any CPU.Build.0 = Release|Any CPU
		{60877A1C-E67E-4092-A92A-05E7214AA675}.Debug|Any CPU.ActiveCfg = Debug|Any CPU
		{60877A1C-E67E-4092-A92A-05E7214AA675}.Debug|Any CPU.Build.0 = Debug|Any CPU
		{60877A1C-E67E-4092-A92A-05E7214AA675}.Release|Any CPU.ActiveCfg = Release|Any CPU
		{60877A1C-E67E-4092-A92A-05E7214AA675}.Release|Any CPU.Build.0 = Release|Any CPU
	EndGlobalSection
	GlobalSection(SolutionProperties) = preSolution
		HideSolutionNode = FALSE
	EndGlobalSection
	GlobalSection(ExtensibilityGlobals) = postSolution
		SolutionGuid = {03335155-9A17-42D8-A8E7-B00E3AE4E8A1}
	EndGlobalSection
EndGlobal
